
Microsoft Visual Studio Solution File, Format Version 12.00
# Visual Studio Version 17
VisualStudioVersion = 17.8.34309.116
MinimumVisualStudioVersion = 10.0.40219.1
Project("{FAE04EC0-301F-11D3-BF4B-00C04F79EFBC}") = "WheresMyCraftAt", "WheresMyCraftAt.csproj", "{1ED042CC-4956-4BCB-8B1B-C2E3EEFB2811}"
EndProject
Global
	GlobalSection(SolutionConfigurationPlatforms) = preSolution
		Debug|Any CPU = Debug|Any CPU
		Release|Any CPU = Release|Any CPU
	EndGlobalSection
	GlobalSection(ProjectConfigurationPlatforms) = postSolution
		{1ED042CC-4956-4BCB-8B1B-C2E3EEFB2811}.Debug|Any CPU.ActiveCfg = Debug|Any CPU
		{1ED042CC-4956-4BCB-8B1B-C2E3EEFB2811}.Debug|Any CPU.Build.0 = Debug|Any CPU
		{1ED042CC-4956-4BCB-8B1B-C2E3EEFB2811}.Release|Any CPU.ActiveCfg = Release|Any CPU
		{1ED042CC-4956-4BCB-8B1B-C2E3EEFB2811}.Release|Any CPU.Build.0 = Release|Any CPU
	EndGlobalSection
	GlobalSection(SolutionProperties) = preSolution
		HideSolutionNode = FALSE
	EndGlobalSection
	GlobalSection(ExtensibilityGlobals) = postSolution
		SolutionGuid = {A51DFE51-ABCF-4498-8F31-4F3ADDB6B745}
	EndGlobalSection
EndGlobal
